
Microsoft Visual Studio Solution File, Format Version 12.00
# Visual Studio Version 16
VisualStudioVersion = 16.0.31424.327
MinimumVisualStudioVersion = 10.0.40219.1
Project("{FAE04EC0-301F-11D3-BF4B-00C04F79EFBC}") = "PracticeProject", "PracticeProject\PracticeProject.csproj", "{B972EA61-27FB-4038-B2BE-2BB1A5D71260}"
EndProject
Global
	GlobalSection(SolutionConfigurationPlatforms) = preSolution
		Debug|Any CPU = Debug|Any CPU
		Release|Any CPU = Release|Any CPU
	EndGlobalSection
	GlobalSection(ProjectConfigurationPlatforms) = postSolution
		{B972EA61-27FB-4038-B2BE-2BB1A5D71260}.Debug|Any CPU.ActiveCfg = Debug|Any CPU
		{B972EA61-27FB-4038-B2BE-2BB1A5D71260}.Debug|Any CPU.Build.0 = Debug|Any CPU
		{B972EA61-27FB-4038-B2BE-2BB1A5D71260}.Release|Any CPU.ActiveCfg = Release|Any CPU
		{B972EA61-27FB-4038-B2BE-2BB1A5D71260}.Release|Any CPU.Build.0 = Release|Any CPU
	EndGlobalSection
	GlobalSection(SolutionProperties) = preSolution
		HideSolutionNode = FALSE
	EndGlobalSection
	GlobalSection(ExtensibilityGlobals) = postSolution
		SolutionGuid = {DC2B01A7-4F4E-4DD2-89ED-7540EC176CE4}
	EndGlobalSection
EndGlobal
